<?xml version="1.0" encoding="utf-8"?>
<Project ToolsVersion="4.0" xmlns="http://schemas.microsoft.com/developer/msbuild/2003">
  <ItemGroup>
    <Filter Include="Source Files">
      <UniqueIdentifier>{4FC737F1-C7A5-4376-A066-2A32D752A2FF}</UniqueIdentifier>
      <Extensions>cpp;c;cc;cxx;def;odl;idl;hpj;bat;asm;asmx</Extensions>
    </Filter>
    <Filter Include="Header Files">
      <UniqueIdentifier>{93995380-89BD-4b04-88EB-625FBE52EBFB}</UniqueIdentifier>
      <Extensions>h;hh;hpp;hxx;hm;inl;inc;xsd</Extensions>
    </Filter>
    <Filter Include="Resource Files">
      <UniqueIdentifier>{67DA6AB6-F800-4c08-8B7A-83BB121AAD01}</UniqueIdentifier>
      <Extensions>rc;ico;cur;bmp;dlg;rc2;rct;bin;rgs;gif;jpg;jpeg;jpe;resx;tiff;tif;png;wav;mfcribbon-ms</Extensions>
    </Filter>
    <Filter Include="Header Files\MLTree">
      <UniqueIdentifier>{835ed354-1f3f-4374-9ab3-0ec6384c4118}</UniqueIdentifier>
    </Filter>
  </ItemGroup>
  <ItemGroup>
    <ClCompile Include="main.cpp">
      <Filter>Source Files</Filter>
    </ClCompile>
    <ClCompile Include="MLTree\MLTree.cpp">
      <Filter>Header Files\MLTree</Filter>
    </ClCompile>
    <ClCompile Include="Util\CLP.cpp">
      <Filter>Source Files</Filter>
    </ClCompile>
    <ClCompile Include="MLTree\TreeNode.cpp">
      <Filter>Source Files</Filter>
    </ClCompile>
    <ClCompile Include="MLTree\BoostedMLTree.cpp">
      <Filter>Source Files</Filter>
    </ClCompile>
    <ClCompile Include="Common\Defines.cpp">
      <Filter>Source Files</Filter>
    </ClCompile>
    <ClCompile Include="Common\Timer.cpp">
      <Filter>Source Files</Filter>
    </ClCompile>
    <ClCompile Include="Common\PRNG.cpp">
      <Filter>Source Files</Filter>
    </ClCompile>
  </ItemGroup>
  <ItemGroup>
    <ClInclude Include="MLTree\MLTree.h">
      <Filter>Header Files\MLTree</Filter>
    </ClInclude>
    <ClInclude Include="Util\CLP.h">
      <Filter>Header Files</Filter>
    </ClInclude>
    <ClInclude Include="Util\ParsingTags.h">
      <Filter>Header Files</Filter>
    </ClInclude>
    <ClInclude Include="MLTree\CTScanData.h">
      <Filter>Header Files</Filter>
    </ClInclude>
    <ClInclude Include="MLTree\TreeNode.h">
      <Filter>Header Files</Filter>
    </ClInclude>
    <ClInclude Include="MLTree\BoostedMLTree.h">
      <Filter>Header Files</Filter>
    </ClInclude>
    <ClInclude Include="Common\Defines.h">
      <Filter>Header Files</Filter>
    </ClInclude>
    <ClInclude Include="Common\Timer.h">
      <Filter>Header Files</Filter>
    </ClInclude>
    <ClInclude Include="Common\PRNG.h">
      <Filter>Header Files</Filter>
    </ClInclude>
  </ItemGroup>
</Project>